
Microsoft Visual Studio Solution File, Format Version 12.00
# Visual Studio Version 17
VisualStudioVersion = 17.5.002.0
MinimumVisualStudioVersion = 10.0.40219.1
Project("{9A19103F-16F7-4668-BE54-9A1E7A4F7556}") = "LoginChecker", "LoginChecker.csproj", "{350E7EE2-FEC8-4829-B06A-E5CBBDAB8442}"
EndProject
Global
	GlobalSection(SolutionConfigurationPlatforms) = preSolution
		Debug|Any CPU = Debug|Any CPU
		Release|Any CPU = Release|Any CPU
	EndGlobalSection
	GlobalSection(ProjectConfigurationPlatforms) = postSolution
		{350E7EE2-FEC8-4829-B06A-E5CBBDAB8442}.Debug|Any CPU.ActiveCfg = Debug|Any CPU
		{350E7EE2-FEC8-4829-B06A-E5CBBDAB8442}.Debug|Any CPU.Build.0 = Debug|Any CPU
		{350E7EE2-FEC8-4829-B06A-E5CBBDAB8442}.Release|Any CPU.ActiveCfg = Release|Any CPU
		{350E7EE2-FEC8-4829-B06A-E5CBBDAB8442}.Release|Any CPU.Build.0 = Release|Any CPU
	EndGlobalSection
	GlobalSection(SolutionProperties) = preSolution
		HideSolutionNode = FALSE
	EndGlobalSection
	GlobalSection(ExtensibilityGlobals) = postSolution
		SolutionGuid = {280D2657-C7A1-44E0-9B0F-2CF219573848}
	EndGlobalSection
EndGlobal
